
Microsoft Visual Studio Solution File, Format Version 12.00
# Visual Studio Version 17
VisualStudioVersion = 17.11.35312.102
MinimumVisualStudioVersion = 10.0.40219.1
Project("{FAE04EC0-301F-11D3-BF4B-00C04F79EFBC}") = "GloboClima.Application", "GloboClima.Application\GloboClima.Application.csproj", "{C7C230BA-FFAC-434B-99F3-475EB1DCE63F}"
EndProject
Project("{FAE04EC0-301F-11D3-BF4B-00C04F79EFBC}") = "GloboClima.Domain", "GloboClima.Domain\GloboClima.Domain.csproj", "{60932B96-701A-4202-BF36-2F8CF816B33C}"
EndProject
Project("{FAE04EC0-301F-11D3-BF4B-00C04F79EFBC}") = "GloboClima.Infra.Data", "GloboClima.Infra.Data\GloboClima.Infra.Data.csproj", "{5A3A1337-FA14-47CA-974B-4DECB16F16C7}"
EndProject
Project("{FAE04EC0-301F-11D3-BF4B-00C04F79EFBC}") = "GloboClima.WebAPI", "GloboClima.WebAPI\GloboClima.WebAPI.csproj", "{13202BF9-DBCC-4BF5-AC48-254079C053DD}"
EndProject
Project("{FAE04EC0-301F-11D3-BF4B-00C04F79EFBC}") = "GloboClima.Infra.IoC", "GloboClima.Infra.IoC\GloboClima.Infra.IoC.csproj", "{214783B5-956C-4A23-8E8A-6662738E4D70}"
EndProject
Global
	GlobalSection(SolutionConfigurationPlatforms) = preSolution
		Debug|Any CPU = Debug|Any CPU
		Release|Any CPU = Release|Any CPU
	EndGlobalSection
	GlobalSection(ProjectConfigurationPlatforms) = postSolution
		{C7C230BA-FFAC-434B-99F3-475EB1DCE63F}.Debug|Any CPU.ActiveCfg = Debug|Any CPU
		{C7C230BA-FFAC-434B-99F3-475EB1DCE63F}.Debug|Any CPU.Build.0 = Debug|Any CPU
		{C7C230BA-FFAC-434B-99F3-475EB1DCE63F}.Release|Any CPU.ActiveCfg = Release|Any CPU
		{C7C230BA-FFAC-434B-99F3-475EB1DCE63F}.Release|Any CPU.Build.0 = Release|Any CPU
		{60932B96-701A-4202-BF36-2F8CF816B33C}.Debug|Any CPU.ActiveCfg = Debug|Any CPU
		{60932B96-701A-4202-BF36-2F8CF816B33C}.Debug|Any CPU.Build.0 = Debug|Any CPU
		{60932B96-701A-4202-BF36-2F8CF816B33C}.Release|Any CPU.ActiveCfg = Release|Any CPU
		{60932B96-701A-4202-BF36-2F8CF816B33C}.Release|Any CPU.Build.0 = Release|Any CPU
		{5A3A1337-FA14-47CA-974B-4DECB16F16C7}.Debug|Any CPU.ActiveCfg = Debug|Any CPU
		{5A3A1337-FA14-47CA-974B-4DECB16F16C7}.Debug|Any CPU.Build.0 = Debug|Any CPU
		{5A3A1337-FA14-47CA-974B-4DECB16F16C7}.Release|Any CPU.ActiveCfg = Release|Any CPU
		{5A3A1337-FA14-47CA-974B-4DECB16F16C7}.Release|Any CPU.Build.0 = Release|Any CPU
		{13202BF9-DBCC-4BF5-AC48-254079C053DD}.Debug|Any CPU.ActiveCfg = Debug|Any CPU
		{13202BF9-DBCC-4BF5-AC48-254079C053DD}.Debug|Any CPU.Build.0 = Debug|Any CPU
		{13202BF9-DBCC-4BF5-AC48-254079C053DD}.Release|Any CPU.ActiveCfg = Release|Any CPU
		{13202BF9-DBCC-4BF5-AC48-254079C053DD}.Release|Any CPU.Build.0 = Release|Any CPU
		{214783B5-956C-4A23-8E8A-6662738E4D70}.Debug|Any CPU.ActiveCfg = Debug|Any CPU
		{214783B5-956C-4A23-8E8A-6662738E4D70}.Debug|Any CPU.Build.0 = Debug|Any CPU
		{214783B5-956C-4A23-8E8A-6662738E4D70}.Release|Any CPU.ActiveCfg = Release|Any CPU
		{214783B5-956C-4A23-8E8A-6662738E4D70}.Release|Any CPU.Build.0 = Release|Any CPU
	EndGlobalSection
	GlobalSection(SolutionProperties) = preSolution
		HideSolutionNode = FALSE
	EndGlobalSection
	GlobalSection(ExtensibilityGlobals) = postSolution
		SolutionGuid = {6A93E060-F8F5-4350-9C87-D527A4C80BBF}
	EndGlobalSection
EndGlobal
